// !$*UTF8*$!
{
	archiveVersion = 1;
	classes = {
	};
	objectVersion = 55;
	objects = {

/* Begin PBXBuildFile section */
		3971DB5B2965D6590083ABCD /* SubViews.swift in Sources */ = {isa = PBXBuildFile; fileRef = 3971DB5A2965D6590083ABCD /* SubViews.swift */; };
		399BFA91293653F6007F6CD1 /* Bah_Soo_ACApp.swift in Sources */ = {isa = PBXBuildFile; fileRef = 399BFA81293653F1007F6CD1 /* Bah_Soo_ACApp.swift */; };
		399BFA95293653F6007F6CD1 /* Assets.xcassets in Resources */ = {isa = PBXBuildFile; fileRef = 399BFA83293653F5007F6CD1 /* Assets.xcassets */; };
		399BFA96293653F6007F6CD1 /* Assets.xcassets in Resources */ = {isa = PBXBuildFile; fileRef = 399BFA83293653F5007F6CD1 /* Assets.xcassets */; };
		399BFAA229365487007F6CD1 /* AttendanceData.swift in Sources */ = {isa = PBXBuildFile; fileRef = 399BFAA129365487007F6CD1 /* AttendanceData.swift */; };
		399BFAA4293654C5007F6CD1 /* PageControl.swift in Sources */ = {isa = PBXBuildFile; fileRef = 399BFAA3293654C5007F6CD1 /* PageControl.swift */; };
		399BFAA6293654EA007F6CD1 /* HomePage.swift in Sources */ = {isa = PBXBuildFile; fileRef = 399BFAA5293654EA007F6CD1 /* HomePage.swift */; };
		399BFAA829365502007F6CD1 /* InstructionPage.swift in Sources */ = {isa = PBXBuildFile; fileRef = 399BFAA729365502007F6CD1 /* InstructionPage.swift */; };
		399BFAAA29365517007F6CD1 /* ResultPage.swift in Sources */ = {isa = PBXBuildFile; fileRef = 399BFAA929365517007F6CD1 /* ResultPage.swift */; };
/* End PBXBuildFile section */

/* Begin PBXFileReference section */
		3971DB5A2965D6590083ABCD /* SubViews.swift */ = {isa = PBXFileReference; lastKnownFileType = sourcecode.swift; path = SubViews.swift; sourceTree = "<group>"; };
		399BFA81293653F1007F6CD1 /* Bah_Soo_ACApp.swift */ = {isa = PBXFileReference; lastKnownFileType = sourcecode.swift; path = Bah_Soo_ACApp.swift; sourceTree = "<group>"; };
		399BFA83293653F5007F6CD1 /* Assets.xcassets */ = {isa = PBXFileReference; lastKnownFileType = folder.assetcatalog; path = Assets.xcassets; sourceTree = "<group>"; };
		399BFA88293653F5007F6CD1 /* Bah-Soo AC.app */ = {isa = PBXFileReference; explicitFileType = wrapper.application; includeInIndex = 0; path = "Bah-Soo AC.app"; sourceTree = BUILT_PRODUCTS_DIR; };
		399BFA8E293653F6007F6CD1 /* Bah-Soo_AC.app */ = {isa = PBXFileReference; explicitFileType = wrapper.application; includeInIndex = 0; path = "Bah-Soo_AC.app"; sourceTree = BUILT_PRODUCTS_DIR; };
		399BFA90293653F6007F6CD1 /* macOS.entitlements */ = {isa = PBXFileReference; lastKnownFileType = text.plist.entitlements; path = macOS.entitlements; sourceTree = "<group>"; };
		399BFAA129365487007F6CD1 /* AttendanceData.swift */ = {isa = PBXFileReference; lastKnownFileType = sourcecode.swift; path = AttendanceData.swift; sourceTree = "<group>"; };
		399BFAA3293654C5007F6CD1 /* PageControl.swift */ = {isa = PBXFileReference; lastKnownFileType = sourcecode.swift; path = PageControl.swift; sourceTree = "<group>"; };
		399BFAA5293654EA007F6CD1 /* HomePage.swift */ = {isa = PBXFileReference; lastKnownFileType = sourcecode.swift; path = HomePage.swift; sourceTree = "<group>"; };
		399BFAA729365502007F6CD1 /* InstructionPage.swift */ = {isa = PBXFileReference; lastKnownFileType = sourcecode.swift; path = InstructionPage.swift; sourceTree = "<group>"; };
		399BFAA929365517007F6CD1 /* ResultPage.swift */ = {isa = PBXFileReference; lastKnownFileType = sourcecode.swift; path = ResultPage.swift; sourceTree = "<group>"; };
		399E7C1029631B3600FDB144 /* Bah-Soo-AC--iOS--Info.plist */ = {isa = PBXFileReference; lastKnownFileType = text.plist; path = "Bah-Soo-AC--iOS--Info.plist"; sourceTree = "<group>"; };
/* End PBXFileReference section */

/* Begin PBXFrameworksBuildPhase section */
		399BFA85293653F5007F6CD1 /* Frameworks */ = {
			isa = PBXFrameworksBuildPhase;
			buildActionMask = 2147483647;
			files = (
			);
			runOnlyForDeploymentPostprocessing = 0;
		};
		399BFA8B293653F6007F6CD1 /* Frameworks */ = {
			isa = PBXFrameworksBuildPhase;
			buildActionMask = 2147483647;
			files = (
			);
			runOnlyForDeploymentPostprocessing = 0;
		};
/* End PBXFrameworksBuildPhase section */

/* Begin PBXGroup section */
		399BFA7B293653F1007F6CD1 = {
			isa = PBXGroup;
			children = (
				399E7C1029631B3600FDB144 /* Bah-Soo-AC--iOS--Info.plist */,
				399BFA80293653F1007F6CD1 /* Shared */,
				399BFA8F293653F6007F6CD1 /* macOS */,
				399BFA89293653F5007F6CD1 /* Products */,
			);
			sourceTree = "<group>";
		};
		399BFA80293653F1007F6CD1 /* Shared */ = {
			isa = PBXGroup;
			children = (
				399BFA9F29365438007F6CD1 /* View */,
				399BFAA029365440007F6CD1 /* Model */,
				399BFA83293653F5007F6CD1 /* Assets.xcassets */,
			);
			path = Shared;
			sourceTree = "<group>";
		};
		399BFA89293653F5007F6CD1 /* Products */ = {
			isa = PBXGroup;
			children = (
				399BFA88293653F5007F6CD1 /* Bah-Soo AC.app */,
				399BFA8E293653F6007F6CD1 /* Bah-Soo_AC.app */,
			);
			name = Products;
			sourceTree = "<group>";
		};
		399BFA8F293653F6007F6CD1 /* macOS */ = {
			isa = PBXGroup;
			children = (
				399BFA90293653F6007F6CD1 /* macOS.entitlements */,
			);
			path = macOS;
			sourceTree = "<group>";
		};
		399BFA9F29365438007F6CD1 /* View */ = {
			isa = PBXGroup;
			children = (
				399BFA81293653F1007F6CD1 /* Bah_Soo_ACApp.swift */,
				399BFAA3293654C5007F6CD1 /* PageControl.swift */,
				399BFAA5293654EA007F6CD1 /* HomePage.swift */,
				399BFAA729365502007F6CD1 /* InstructionPage.swift */,
				399BFAA929365517007F6CD1 /* ResultPage.swift */,
				3971DB5A2965D6590083ABCD /* SubViews.swift */,
			);
			path = View;
			sourceTree = "<group>";
		};
		399BFAA029365440007F6CD1 /* Model */ = {
			isa = PBXGroup;
			children = (
				399BFAA129365487007F6CD1 /* AttendanceData.swift */,
			);
			path = Model;
			sourceTree = "<group>";
		};
/* End PBXGroup section */

/* Begin PBXNativeTarget section */
		399BFA87293653F5007F6CD1 /* Bah-Soo_AC (iOS) */ = {
			isa = PBXNativeTarget;
			buildConfigurationList = 399BFA99293653F6007F6CD1 /* Build configuration list for PBXNativeTarget "Bah-Soo_AC (iOS)" */;
			buildPhases = (
				399BFA84293653F5007F6CD1 /* Sources */,
				399BFA85293653F5007F6CD1 /* Frameworks */,
				399BFA86293653F5007F6CD1 /* Resources */,
			);
			buildRules = (
			);
			dependencies = (
			);
			name = "Bah-Soo_AC (iOS)";
			productName = "Bah-Soo_AC (iOS)";
			productReference = 399BFA88293653F5007F6CD1 /* Bah-Soo AC.app */;
			productType = "com.apple.product-type.application";
		};
		399BFA8D293653F6007F6CD1 /* Bah-Soo_AC (macOS) */ = {
			isa = PBXNativeTarget;
			buildConfigurationList = 399BFA9C293653F6007F6CD1 /* Build configuration list for PBXNativeTarget "Bah-Soo_AC (macOS)" */;
			buildPhases = (
				399BFA8A293653F6007F6CD1 /* Sources */,
				399BFA8B293653F6007F6CD1 /* Frameworks */,
				399BFA8C293653F6007F6CD1 /* Resources */,
			);
			buildRules = (
			);
			dependencies = (
			);
			name = "Bah-Soo_AC (macOS)";
			productName = "Bah-Soo_AC (macOS)";
			productReference = 399BFA8E293653F6007F6CD1 /* Bah-Soo_AC.app */;
			productType = "com.apple.product-type.application";
		};
/* End PBXNativeTarget section */

/* Begin PBXProject section */
		399BFA7C293653F1007F6CD1 /* Project object */ = {
			isa = PBXProject;
			attributes = {
				BuildIndependentTargetsInParallel = 1;
				LastSwiftUpdateCheck = 1340;
				LastUpgradeCheck = 1420;
				TargetAttributes = {
					399BFA87293653F5007F6CD1 = {
						CreatedOnToolsVersion = 13.4.1;
					};
					399BFA8D293653F6007F6CD1 = {
						CreatedOnToolsVersion = 13.4.1;
					};
				};
			};
			buildConfigurationList = 399BFA7F293653F1007F6CD1 /* Build configuration list for PBXProject "Bah-Soo_AC" */;
			compatibilityVersion = "Xcode 13.0";
			developmentRegion = en;
			hasScannedForEncodings = 0;
			knownRegions = (
				en,
				Base,
			);
			mainGroup = 399BFA7B293653F1007F6CD1;
			productRefGroup = 399BFA89293653F5007F6CD1 /* Products */;
			projectDirPath = "";
			projectRoot = "";
			targets = (
				399BFA87293653F5007F6CD1 /* Bah-Soo_AC (iOS) */,
				399BFA8D293653F6007F6CD1 /* Bah-Soo_AC (macOS) */,
			);
		};
/* End PBXProject section */

/* Begin PBXResourcesBuildPhase section */
		399BFA86293653F5007F6CD1 /* Resources */ = {
			isa = PBXResourcesBuildPhase;
			buildActionMask = 2147483647;
			files = (
				399BFA95293653F6007F6CD1 /* Assets.xcassets in Resources */,
			);
			runOnlyForDeploymentPostprocessing = 0;
		};
		399BFA8C293653F6007F6CD1 /* Resources */ = {
			isa = PBXResourcesBuildPhase;
			buildActionMask = 2147483647;
			files = (
				399BFA96293653F6007F6CD1 /* Assets.xcassets in Resources */,
			);
			runOnlyForDeploymentPostprocessing = 0;
		};
/* End PBXResourcesBuildPhase section */

/* Begin PBXSourcesBuildPhase section */
		399BFA84293653F5007F6CD1 /* Sources */ = {
			isa = PBXSourcesBuildPhase;
			buildActionMask = 2147483647;
			files = (
				399BFAA229365487007F6CD1 /* AttendanceData.swift in Sources */,
				399BFAAA29365517007F6CD1 /* ResultPage.swift in Sources */,
				399BFA91293653F6007F6CD1 /* Bah_Soo_ACApp.swift in Sources */,
				399BFAA4293654C5007F6CD1 /* PageControl.swift in Sources */,
				399BFAA6293654EA007F6CD1 /* HomePage.swift in Sources */,
				399BFAA829365502007F6CD1 /* InstructionPage.swift in Sources */,
				3971DB5B2965D6590083ABCD /* SubViews.swift in Sources */,
			);
			runOnlyForDeploymentPostprocessing = 0;
		};
		399BFA8A293653F6007F6CD1 /* Sources */ = {
			isa = PBXSourcesBuildPhase;
			buildActionMask = 2147483647;
			files = (
			);
			runOnlyForDeploymentPostprocessing = 0;
		};
/* End PBXSourcesBuildPhase section */

/* Begin XCBuildConfiguration section */
		399BFA97293653F6007F6CD1 /* Debug */ = {
			isa = XCBuildConfiguration;
			buildSettings = {
				ALWAYS_SEARCH_USER_PATHS = NO;
				CLANG_ANALYZER_NONNULL = YES;
				CLANG_ANALYZER_NUMBER_OBJECT_CONVERSION = YES_AGGRESSIVE;
				CLANG_CXX_LANGUAGE_STANDARD = "gnu++17";
				CLANG_ENABLE_MODULES = YES;
				CLANG_ENABLE_OBJC_ARC = YES;
				CLANG_ENABLE_OBJC_WEAK = YES;
				CLANG_WARN_BLOCK_CAPTURE_AUTORELEASING = YES;
				CLANG_WARN_BOOL_CONVERSION = YES;
				CLANG_WARN_COMMA = YES;
				CLANG_WARN_CONSTANT_CONVERSION = YES;
				CLANG_WARN_DEPRECATED_OBJC_IMPLEMENTATIONS = YES;
				CLANG_WARN_DIRECT_OBJC_ISA_USAGE = YES_ERROR;
				CLANG_WARN_DOCUMENTATION_COMMENTS = YES;
				CLANG_WARN_EMPTY_BODY = YES;
				CLANG_WARN_ENUM_CONVERSION = YES;
				CLANG_WARN_INFINITE_RECURSION = YES;
				CLANG_WARN_INT_CONVERSION = YES;
				CLANG_WARN_NON_LITERAL_NULL_CONVERSION = YES;
				CLANG_WARN_OBJC_IMPLICIT_RETAIN_SELF = YES;
				CLANG_WARN_OBJC_LITERAL_CONVERSION = YES;
				CLANG_WARN_OBJC_ROOT_CLASS = YES_ERROR;
				CLANG_WARN_QUOTED_INCLUDE_IN_FRAMEWORK_HEADER = YES;
				CLANG_WARN_RANGE_LOOP_ANALYSIS = YES;
				CLANG_WARN_STRICT_PROTOTYPES = YES;
				CLANG_WARN_SUSPICIOUS_MOVE = YES;
				CLANG_WARN_UNGUARDED_AVAILABILITY = YES_AGGRESSIVE;
				CLANG_WARN_UNREACHABLE_CODE = YES;
				CLANG_WARN__DUPLICATE_METHOD_MATCH = YES;
				COPY_PHASE_STRIP = NO;
				DEAD_CODE_STRIPPING = YES;
				DEBUG_INFORMATION_FORMAT = dwarf;
				ENABLE_STRICT_OBJC_MSGSEND = YES;
				ENABLE_TESTABILITY = YES;
				GCC_C_LANGUAGE_STANDARD = gnu11;
				GCC_DYNAMIC_NO_PIC = NO;
				GCC_NO_COMMON_BLOCKS = YES;
				GCC_OPTIMIZATION_LEVEL = 0;
				GCC_PREPROCESSOR_DEFINITIONS = (
					"DEBUG=1",
					"$(inherited)",
				);
				GCC_WARN_64_TO_32_BIT_CONVERSION = YES;
				GCC_WARN_ABOUT_RETURN_TYPE = YES_ERROR;
				GCC_WARN_UNDECLARED_SELECTOR = YES;
				GCC_WARN_UNINITIALIZED_AUTOS = YES_AGGRESSIVE;
				GCC_WARN_UNUSED_FUNCTION = YES;
				GCC_WARN_UNUSED_VARIABLE = YES;
				MTL_ENABLE_DEBUG_INFO = INCLUDE_SOURCE;
				MTL_FAST_MATH = YES;
				ONLY_ACTIVE_ARCH = YES;
				SWIFT_ACTIVE_COMPILATION_CONDITIONS = DEBUG;
				SWIFT_OPTIMIZATION_LEVEL = "-Onone";
			};
			name = Debug;
		};
		399BFA98293653F6007F6CD1 /* Release */ = {
			isa = XCBuildConfiguration;
			buildSettings = {
				ALWAYS_SEARCH_USER_PATHS = NO;
				CLANG_ANALYZER_NONNULL = YES;
				CLANG_ANALYZER_NUMBER_OBJECT_CONVERSION = YES_AGGRESSIVE;
				CLANG_CXX_LANGUAGE_STANDARD = "gnu++17";
				CLANG_ENABLE_MODULES = YES;
				CLANG_ENABLE_OBJC_ARC = YES;
				CLANG_ENABLE_OBJC_WEAK = YES;
				CLANG_WARN_BLOCK_CAPTURE_AUTORELEASING = YES;
				CLANG_WARN_BOOL_CONVERSION = YES;
				CLANG_WARN_COMMA = YES;
				CLANG_WARN_CONSTANT_CONVERSION = YES;
				CLANG_WARN_DEPRECATED_OBJC_IMPLEMENTATIONS = YES;
				CLANG_WARN_DIRECT_OBJC_ISA_USAGE = YES_ERROR;
				CLANG_WARN_DOCUMENTATION_COMMENTS = YES;
				CLANG_WARN_EMPTY_BODY = YES;
				CLANG_WARN_ENUM_CONVERSION = YES;
				CLANG_WARN_INFINITE_RECURSION = YES;
				CLANG_WARN_INT_CONVERSION = YES;
				CLANG_WARN_NON_LITERAL_NULL_CONVERSION = YES;
				CLANG_WARN_OBJC_IMPLICIT_RETAIN_SELF = YES;
				CLANG_WARN_OBJC_LITERAL_CONVERSION = YES;
				CLANG_WARN_OBJC_ROOT_CLASS = YES_ERROR;
				CLANG_WARN_QUOTED_INCLUDE_IN_FRAMEWORK_HEADER = YES;
				CLANG_WARN_RANGE_LOOP_ANALYSIS = YES;
				CLANG_WARN_STRICT_PROTOTYPES = YES;
				CLANG_WARN_SUSPICIOUS_MOVE = YES;
				CLANG_WARN_UNGUARDED_AVAILABILITY = YES_AGGRESSIVE;
				CLANG_WARN_UNREACHABLE_CODE = YES;
				CLANG_WARN__DUPLICATE_METHOD_MATCH = YES;
				COPY_PHASE_STRIP = NO;
				DEAD_CODE_STRIPPING = YES;
				DEBUG_INFORMATION_FORMAT = "dwarf-with-dsym";
				ENABLE_NS_ASSERTIONS = NO;
				ENABLE_STRICT_OBJC_MSGSEND = YES;
				GCC_C_LANGUAGE_STANDARD = gnu11;
				GCC_NO_COMMON_BLOCKS = YES;
				GCC_WARN_64_TO_32_BIT_CONVERSION = YES;
				GCC_WARN_ABOUT_RETURN_TYPE = YES_ERROR;
				GCC_WARN_UNDECLARED_SELECTOR = YES;
				GCC_WARN_UNINITIALIZED_AUTOS = YES_AGGRESSIVE;
				GCC_WARN_UNUSED_FUNCTION = YES;
				GCC_WARN_UNUSED_VARIABLE = YES;
				MTL_ENABLE_DEBUG_INFO = NO;
				MTL_FAST_MATH = YES;
				SWIFT_COMPILATION_MODE = wholemodule;
				SWIFT_OPTIMIZATION_LEVEL = "-O";
			};
			name = Release;
		};
		399BFA9A293653F6007F6CD1 /* Debug */ = {
			isa = XCBuildConfiguration;
			buildSettings = {
				ASSETCATALOG_COMPILER_APPICON_NAME = AppIcon;
				ASSETCATALOG_COMPILER_GLOBAL_ACCENT_COLOR_NAME = AccentColor;
				CODE_SIGN_STYLE = Automatic;
				CURRENT_PROJECT_VERSION = 1;
				DEVELOPMENT_TEAM = J9ZF4JANQ4;
				ENABLE_PREVIEWS = YES;
				GENERATE_INFOPLIST_FILE = YES;
				INFOPLIST_FILE = "Bah-Soo-AC--iOS--Info.plist";
				INFOPLIST_KEY_UIApplicationSceneManifest_Generation = YES;
				INFOPLIST_KEY_UIApplicationSupportsIndirectInputEvents = YES;
				INFOPLIST_KEY_UILaunchScreen_Generation = YES;
				INFOPLIST_KEY_UISupportedInterfaceOrientations_iPad = "UIInterfaceOrientationPortrait UIInterfaceOrientationPortraitUpsideDown UIInterfaceOrientationLandscapeLeft UIInterfaceOrientationLandscapeRight";
				INFOPLIST_KEY_UISupportedInterfaceOrientations_iPhone = "UIInterfaceOrientationPortrait UIInterfaceOrientationLandscapeLeft UIInterfaceOrientationLandscapeRight";
				IPHONEOS_DEPLOYMENT_TARGET = 15.5;
				LD_RUNPATH_SEARCH_PATHS = (
					"$(inherited)",
					"@executable_path/Frameworks",
				);
				MARKETING_VERSION = 1.0.3;
				PRODUCT_BUNDLE_IDENTIFIER = "grotion.Bah-Soo-AC.boronglin";
				PRODUCT_NAME = "Bah-Soo AC";
				SDKROOT = iphoneos;
				SWIFT_EMIT_LOC_STRINGS = YES;
				SWIFT_VERSION = 5.0;
				TARGETED_DEVICE_FAMILY = "1,2";
			};
			name = Debug;
		};
		399BFA9B293653F6007F6CD1 /* Release */ = {
			isa = XCBuildConfiguration;
			buildSettings = {
				ASSETCATALOG_COMPILER_APPICON_NAME = AppIcon;
				ASSETCATALOG_COMPILER_GLOBAL_ACCENT_COLOR_NAME = AccentColor;
				CODE_SIGN_STYLE = Automatic;
				CURRENT_PROJECT_VERSION = 1;
				DEVELOPMENT_TEAM = J9ZF4JANQ4;
				ENABLE_PREVIEWS = YES;
				GENERATE_INFOPLIST_FILE = YES;
				INFOPLIST_FILE = "Bah-Soo-AC--iOS--Info.plist";
				INFOPLIST_KEY_UIApplicationSceneManifest_Generation = YES;
				INFOPLIST_KEY_UIApplicationSupportsIndirectInputEvents = YES;
				INFOPLIST_KEY_UILaunchScreen_Generation = YES;
				INFOPLIST_KEY_UISupportedInterfaceOrientations_iPad = "UIInterfaceOrientationPortrait UIInterfaceOrientationPortraitUpsideDown UIInterfaceOrientationLandscapeLeft UIInterfaceOrientationLandscapeRight";
				INFOPLIST_KEY_UISupportedInterfaceOrientations_iPhone = "UIInterfaceOrientationPortrait UIInterfaceOrientationLandscapeLeft UIInterfaceOrientationLandscapeRight";
				IPHONEOS_DEPLOYMENT_TARGET = 15.5;
				LD_RUNPATH_SEARCH_PATHS = (
					"$(inherited)",
					"@executable_path/Frameworks",
				);
				MARKETING_VERSION = 1.0.3;
				PRODUCT_BUNDLE_IDENTIFIER = "grotion.Bah-Soo-AC.boronglin";
				PRODUCT_NAME = "Bah-Soo AC";
				SDKROOT = iphoneos;
				SWIFT_EMIT_LOC_STRINGS = YES;
				SWIFT_VERSION = 5.0;
				TARGETED_DEVICE_FAMILY = "1,2";
				VALIDATE_PRODUCT = YES;
			};
			name = Release;
		};
		399BFA9D293653F6007F6CD1 /* Debug */ = {
			isa = XCBuildConfiguration;
			buildSettings = {
				ASSETCATALOG_COMPILER_APPICON_NAME = AppIcon;
				ASSETCATALOG_COMPILER_GLOBAL_ACCENT_COLOR_NAME = AccentColor;
				CODE_SIGN_ENTITLEMENTS = macOS/macOS.entitlements;
				CODE_SIGN_IDENTITY = "-";
				CODE_SIGN_STYLE = Automatic;
				COMBINE_HIDPI_IMAGES = YES;
				CURRENT_PROJECT_VERSION = 1;
				DEAD_CODE_STRIPPING = YES;
				DEVELOPMENT_TEAM = M22WP7B2WF;
				ENABLE_HARDENED_RUNTIME = YES;
				ENABLE_PREVIEWS = YES;
				GENERATE_INFOPLIST_FILE = YES;
				INFOPLIST_KEY_NSHumanReadableCopyright = "";
				LD_RUNPATH_SEARCH_PATHS = (
					"$(inherited)",
					"@executable_path/../Frameworks",
				);
				MACOSX_DEPLOYMENT_TARGET = 12.3;
				MARKETING_VERSION = 1.0;
				PRODUCT_BUNDLE_IDENTIFIER = "grotion.Bah-Soo-AC";
				PRODUCT_NAME = "Bah-Soo_AC";
				SDKROOT = macosx;
				SWIFT_EMIT_LOC_STRINGS = YES;
				SWIFT_VERSION = 5.0;
			};
			name = Debug;
		};
		399BFA9E293653F6007F6CD1 /* Release */ = {
			isa = XCBuildConfiguration;
			buildSettings = {
				ASSETCATALOG_COMPILER_APPICON_NAME = AppIcon;
				ASSETCATALOG_COMPILER_GLOBAL_ACCENT_COLOR_NAME = AccentColor;
				CODE_SIGN_ENTITLEMENTS = macOS/macOS.entitlements;
				CODE_SIGN_IDENTITY = "-";
				CODE_SIGN_STYLE = Automatic;
				COMBINE_HIDPI_IMAGES = YES;
				CURRENT_PROJECT_VERSION = 1;
				DEAD_CODE_STRIPPING = YES;
				DEVELOPMENT_TEAM = M22WP7B2WF;
				ENABLE_HARDENED_RUNTIME = YES;
				ENABLE_PREVIEWS = YES;
				GENERATE_INFOPLIST_FILE = YES;
				INFOPLIST_KEY_NSHumanReadableCopyright = "";
				LD_RUNPATH_SEARCH_PATHS = (
					"$(inherited)",
					"@executable_path/../Frameworks",
				);
				MACOSX_DEPLOYMENT_TARGET = 12.3;
				MARKETING_VERSION = 1.0;
				PRODUCT_BUNDLE_IDENTIFIER = "grotion.Bah-Soo-AC";
				PRODUCT_NAME = "Bah-Soo_AC";
				SDKROOT = macosx;
				SWIFT_EMIT_LOC_STRINGS = YES;
				SWIFT_VERSION = 5.0;
			};
			name = Release;
		};
/* End XCBuildConfiguration section */

/* Begin XCConfigurationList section */
		399BFA7F293653F1007F6CD1 /* Build configuration list for PBXProject "Bah-Soo_AC" */ = {
			isa = XCConfigurationList;
			buildConfigurations = (
				399BFA97293653F6007F6CD1 /* Debug */,
				399BFA98293653F6007F6CD1 /* Release */,
			);
			defaultConfigurationIsVisible = 0;
			defaultConfigurationName = Release;
		};
		399BFA99293653F6007F6CD1 /* Build configuration list for PBXNativeTarget "Bah-Soo_AC (iOS)" */ = {
			isa = XCConfigurationList;
			buildConfigurations = (
				399BFA9A293653F6007F6CD1 /* Debug */,
				399BFA9B293653F6007F6CD1 /* Release */,
			);
			defaultConfigurationIsVisible = 0;
			defaultConfigurationName = Release;
		};
		399BFA9C293653F6007F6CD1 /* Build configuration list for PBXNativeTarget "Bah-Soo_AC (macOS)" */ = {
			isa = XCConfigurationList;
			buildConfigurations = (
				399BFA9D293653F6007F6CD1 /* Debug */,
				399BFA9E293653F6007F6CD1 /* Release */,
			);
			defaultConfigurationIsVisible = 0;
			defaultConfigurationName = Release;
		};
/* End XCConfigurationList section */
	};
	rootObject = 399BFA7C293653F1007F6CD1 /* Project object */;
}
